
Microsoft Visual Studio Solution File, Format Version 12.00
# Visual Studio Version 17
VisualStudioVersion = 17.14.36310.24 d17.14
MinimumVisualStudioVersion = 10.0.40219.1
Project("{FAE04EC0-301F-11D3-BF4B-00C04F79EFBC}") = "smart Recipe Generator", "smart Recipe Generator\smart Recipe Generator.csproj", "{C5D4B8A5-699F-4F2A-9E03-892364B83341}"
EndProject
Global
	GlobalSection(SolutionConfigurationPlatforms) = preSolution
		Debug|Any CPU = Debug|Any CPU
		Release|Any CPU = Release|Any CPU
	EndGlobalSection
	GlobalSection(ProjectConfigurationPlatforms) = postSolution
		{C5D4B8A5-699F-4F2A-9E03-892364B83341}.Debug|Any CPU.ActiveCfg = Debug|Any CPU
		{C5D4B8A5-699F-4F2A-9E03-892364B83341}.Debug|Any CPU.Build.0 = Debug|Any CPU
		{C5D4B8A5-699F-4F2A-9E03-892364B83341}.Release|Any CPU.ActiveCfg = Release|Any CPU
		{C5D4B8A5-699F-4F2A-9E03-892364B83341}.Release|Any CPU.Build.0 = Release|Any CPU
	EndGlobalSection
	GlobalSection(SolutionProperties) = preSolution
		HideSolutionNode = FALSE
	EndGlobalSection
	GlobalSection(ExtensibilityGlobals) = postSolution
		SolutionGuid = {DA884BA3-B5B2-45F8-9C57-FC62A9DC46C9}
	EndGlobalSection
EndGlobal
